
Microsoft Visual Studio Solution File, Format Version 12.00
# Visual Studio 15
VisualStudioVersion = 15.0.36617.4
MinimumVisualStudioVersion = 10.0.40219.1
Project("{2150E333-8FDC-42A3-9474-1A3956D46DE8}") = "src", "src", "{827E0CD3-B72D-47B6-A68D-7590B98EB39B}"
EndProject
Project("{2150E333-8FDC-42A3-9474-1A3956D46DE8}") = "tests", "tests", "{0AB3BF05-4346-4AA6-1389-037BE0695223}"
EndProject
Project("{FAE04EC0-301F-11D3-BF4B-00C04F79EFBC}") = "TalkPro.App", "src\TalkPro.App\TalkPro.App.csproj", "{F019894F-3188-492B-9183-6B93CE0A8A44}"
EndProject
Project("{FAE04EC0-301F-11D3-BF4B-00C04F79EFBC}") = "TalkPro.Core", "src\TalkPro.Core\TalkPro.Core.csproj", "{2994E6E9-0CFF-4841-8033-8D64956D025D}"
EndProject
Project("{FAE04EC0-301F-11D3-BF4B-00C04F79EFBC}") = "TalkPro.Ingestion", "src\TalkPro.Ingestion\TalkPro.Ingestion.csproj", "{731FE813-4688-444B-83CE-F77FD476D42E}"
EndProject
Project("{FAE04EC0-301F-11D3-BF4B-00C04F79EFBC}") = "TalkPro.Privacy", "src\TalkPro.Privacy\TalkPro.Privacy.csproj", "{5C13CC79-6155-41E0-9F6C-A17D999ACA7A}"
EndProject
Project("{FAE04EC0-301F-11D3-BF4B-00C04F79EFBC}") = "TalkPro.Memory", "src\TalkPro.Memory\TalkPro.Memory.csproj", "{A59480D7-9B7A-47A7-86BB-242EC01D1720}"
EndProject
Project("{FAE04EC0-301F-11D3-BF4B-00C04F79EFBC}") = "TalkPro.Persona", "src\TalkPro.Persona\TalkPro.Persona.csproj", "{3B1A6725-BDF8-4A69-B006-4906F7110318}"
EndProject
Project("{FAE04EC0-301F-11D3-BF4B-00C04F79EFBC}") = "TalkPro.Llm", "src\TalkPro.Llm\TalkPro.Llm.csproj", "{6A80B991-D1EB-4439-A941-F12CFA9DEF3E}"
EndProject
Project("{FAE04EC0-301F-11D3-BF4B-00C04F79EFBC}") = "TalkPro.Consent", "src\TalkPro.Consent\TalkPro.Consent.csproj", "{600A7645-A80A-4D07-A91C-6C4315C78CE1}"
EndProject
Project("{FAE04EC0-301F-11D3-BF4B-00C04F79EFBC}") = "TalkPro.Security", "src\TalkPro.Security\TalkPro.Security.csproj", "{762FAB95-757C-4A51-9D69-F16670260AB1}"
EndProject
Project("{FAE04EC0-301F-11D3-BF4B-00C04F79EFBC}") = "TalkPro.Infrastructure", "src\TalkPro.Infrastructure\TalkPro.Infrastructure.csproj", "{1C0016EF-A970-4E5A-8B2E-55C2CB732A16}"
EndProject
Project("{FAE04EC0-301F-11D3-BF4B-00C04F79EFBC}") = "TalkPro.Architecture.Tests", "tests\TalkPro.Architecture.Tests\TalkPro.Architecture.Tests.csproj", "{B43F3C49-5695-4469-BABB-FFD0AF857B8D}"
EndProject
Project("{FAE04EC0-301F-11D3-BF4B-00C04F79EFBC}") = "TalkPro.Ingestion.Tests", "tests\TalkPro.Ingestion.Tests\TalkPro.Ingestion.Tests.csproj", "{BA079916-70E9-4210-B120-25641FD8D9A0}"
EndProject
Project("{FAE04EC0-301F-11D3-BF4B-00C04F79EFBC}") = "TalkPro.Persona.Tests", "tests\TalkPro.Persona.Tests\TalkPro.Persona.Tests.csproj", "{FB71EF7E-7F28-4213-B076-ECE830CD8C46}"
EndProject
Project("{FAE04EC0-301F-11D3-BF4B-00C04F79EFBC}") = "TalkPro.Privacy.Tests", "tests\TalkPro.Privacy.Tests\TalkPro.Privacy.Tests.csproj", "{388F382E-BF54-4BCB-9B46-82B0B6264E2A}"
EndProject
Project("{FAE04EC0-301F-11D3-BF4B-00C04F79EFBC}") = "TalkPro.Security.Tests", "tests\TalkPro.Security.Tests\TalkPro.Security.Tests.csproj", "{C1B2FDD4-C91F-4441-B6F7-E363543560DE}"
EndProject
Project("{2150E333-8FDC-42A3-9474-1A3956D46DE8}") = "tools", "tools", "{07C2787E-EAC7-C090-1BA3-A61EC2A24D84}"
EndProject
Project("{FAE04EC0-301F-11D3-BF4B-00C04F79EFBC}") = "SampleGenerator", "tools\SampleGenerator\SampleGenerator.csproj", "{30A00440-B762-4665-9ED4-247D1189E15B}"
EndProject
Project("{FAE04EC0-301F-11D3-BF4B-00C04F79EFBC}") = "TalkPro.Core.Tests", "tests\TalkPro.Core.Tests\TalkPro.Core.Tests.csproj", "{694E425E-11EA-4084-B41C-36923250D10C}"
EndProject
Project("{FAE04EC0-301F-11D3-BF4B-00C04F79EFBC}") = "TalkPro.SampleGenerator.Tests", "tests\TalkPro.SampleGenerator.Tests\TalkPro.SampleGenerator.Tests.csproj", "{820E1EE5-142E-4D15-9975-A4B7F6F14F91}"
EndProject
Global
	GlobalSection(SolutionConfigurationPlatforms) = preSolution
		Debug|Any CPU = Debug|Any CPU
		Debug|x64 = Debug|x64
		Debug|x86 = Debug|x86
		Release|Any CPU = Release|Any CPU
		Release|x64 = Release|x64
		Release|x86 = Release|x86
	EndGlobalSection
	GlobalSection(ProjectConfigurationPlatforms) = postSolution
		{F019894F-3188-492B-9183-6B93CE0A8A44}.Debug|Any CPU.ActiveCfg = Debug|Any CPU
		{F019894F-3188-492B-9183-6B93CE0A8A44}.Debug|Any CPU.Build.0 = Debug|Any CPU
		{F019894F-3188-492B-9183-6B93CE0A8A44}.Debug|x64.ActiveCfg = Debug|Any CPU
		{F019894F-3188-492B-9183-6B93CE0A8A44}.Debug|x64.Build.0 = Debug|Any CPU
		{F019894F-3188-492B-9183-6B93CE0A8A44}.Debug|x86.ActiveCfg = Debug|Any CPU
		{F019894F-3188-492B-9183-6B93CE0A8A44}.Debug|x86.Build.0 = Debug|Any CPU
		{F019894F-3188-492B-9183-6B93CE0A8A44}.Release|Any CPU.ActiveCfg = Release|Any CPU
		{F019894F-3188-492B-9183-6B93CE0A8A44}.Release|Any CPU.Build.0 = Release|Any CPU
		{F019894F-3188-492B-9183-6B93CE0A8A44}.Release|x64.ActiveCfg = Release|Any CPU
		{F019894F-3188-492B-9183-6B93CE0A8A44}.Release|x64.Build.0 = Release|Any CPU
		{F019894F-3188-492B-9183-6B93CE0A8A44}.Release|x86.ActiveCfg = Release|Any CPU
		{F019894F-3188-492B-9183-6B93CE0A8A44}.Release|x86.Build.0 = Release|Any CPU
		{2994E6E9-0CFF-4841-8033-8D64956D025D}.Debug|Any CPU.ActiveCfg = Debug|Any CPU
		{2994E6E9-0CFF-4841-8033-8D64956D025D}.Debug|Any CPU.Build.0 = Debug|Any CPU
		{2994E6E9-0CFF-4841-8033-8D64956D025D}.Debug|x64.ActiveCfg = Debug|Any CPU
		{2994E6E9-0CFF-4841-8033-8D64956D025D}.Debug|x64.Build.0 = Debug|Any CPU
		{2994E6E9-0CFF-4841-8033-8D64956D025D}.Debug|x86.ActiveCfg = Debug|Any CPU
		{2994E6E9-0CFF-4841-8033-8D64956D025D}.Debug|x86.Build.0 = Debug|Any CPU
		{2994E6E9-0CFF-4841-8033-8D64956D025D}.Release|Any CPU.ActiveCfg = Release|Any CPU
		{2994E6E9-0CFF-4841-8033-8D64956D025D}.Release|Any CPU.Build.0 = Release|Any CPU
		{2994E6E9-0CFF-4841-8033-8D64956D025D}.Release|x64.ActiveCfg = Release|Any CPU
		{2994E6E9-0CFF-4841-8033-8D64956D025D}.Release|x64.Build.0 = Release|Any CPU
		{2994E6E9-0CFF-4841-8033-8D64956D025D}.Release|x86.ActiveCfg = Release|Any CPU
		{2994E6E9-0CFF-4841-8033-8D64956D025D}.Release|x86.Build.0 = Release|Any CPU
		{731FE813-4688-444B-83CE-F77FD476D42E}.Debug|Any CPU.ActiveCfg = Debug|Any CPU
		{731FE813-4688-444B-83CE-F77FD476D42E}.Debug|Any CPU.Build.0 = Debug|Any CPU
		{731FE813-4688-444B-83CE-F77FD476D42E}.Debug|x64.ActiveCfg = Debug|Any CPU
		{731FE813-4688-444B-83CE-F77FD476D42E}.Debug|x64.Build.0 = Debug|Any CPU
		{731FE813-4688-444B-83CE-F77FD476D42E}.Debug|x86.ActiveCfg = Debug|Any CPU
		{731FE813-4688-444B-83CE-F77FD476D42E}.Debug|x86.Build.0 = Debug|Any CPU
		{731FE813-4688-444B-83CE-F77FD476D42E}.Release|Any CPU.ActiveCfg = Release|Any CPU
		{731FE813-4688-444B-83CE-F77FD476D42E}.Release|Any CPU.Build.0 = Release|Any CPU
		{731FE813-4688-444B-83CE-F77FD476D42E}.Release|x64.ActiveCfg = Release|Any CPU
		{731FE813-4688-444B-83CE-F77FD476D42E}.Release|x64.Build.0 = Release|Any CPU
		{731FE813-4688-444B-83CE-F77FD476D42E}.Release|x86.ActiveCfg = Release|Any CPU
		{731FE813-4688-444B-83CE-F77FD476D42E}.Release|x86.Build.0 = Release|Any CPU
		{5C13CC79-6155-41E0-9F6C-A17D999ACA7A}.Debug|Any CPU.ActiveCfg = Debug|Any CPU
		{5C13CC79-6155-41E0-9F6C-A17D999ACA7A}.Debug|Any CPU.Build.0 = Debug|Any CPU
		{5C13CC79-6155-41E0-9F6C-A17D999ACA7A}.Debug|x64.ActiveCfg = Debug|Any CPU
		{5C13CC79-6155-41E0-9F6C-A17D999ACA7A}.Debug|x64.Build.0 = Debug|Any CPU
		{5C13CC79-6155-41E0-9F6C-A17D999ACA7A}.Debug|x86.ActiveCfg = Debug|Any CPU
		{5C13CC79-6155-41E0-9F6C-A17D999ACA7A}.Debug|x86.Build.0 = Debug|Any CPU
		{5C13CC79-6155-41E0-9F6C-A17D999ACA7A}.Release|Any CPU.ActiveCfg = Release|Any CPU
		{5C13CC79-6155-41E0-9F6C-A17D999ACA7A}.Release|Any CPU.Build.0 = Release|Any CPU
		{5C13CC79-6155-41E0-9F6C-A17D999ACA7A}.Release|x64.ActiveCfg = Release|Any CPU
		{5C13CC79-6155-41E0-9F6C-A17D999ACA7A}.Release|x64.Build.0 = Release|Any CPU
		{5C13CC79-6155-41E0-9F6C-A17D999ACA7A}.Release|x86.ActiveCfg = Release|Any CPU
		{5C13CC79-6155-41E0-9F6C-A17D999ACA7A}.Release|x86.Build.0 = Release|Any CPU
		{A59480D7-9B7A-47A7-86BB-242EC01D1720}.Debug|Any CPU.ActiveCfg = Debug|Any CPU
		{A59480D7-9B7A-47A7-86BB-242EC01D1720}.Debug|Any CPU.Build.0 = Debug|Any CPU
		{A59480D7-9B7A-47A7-86BB-242EC01D1720}.Debug|x64.ActiveCfg = Debug|Any CPU
		{A59480D7-9B7A-47A7-86BB-242EC01D1720}.Debug|x64.Build.0 = Debug|Any CPU
		{A59480D7-9B7A-47A7-86BB-242EC01D1720}.Debug|x86.ActiveCfg = Debug|Any CPU
		{A59480D7-9B7A-47A7-86BB-242EC01D1720}.Debug|x86.Build.0 = Debug|Any CPU
		{A59480D7-9B7A-47A7-86BB-242EC01D1720}.Release|Any CPU.ActiveCfg = Release|Any CPU
		{A59480D7-9B7A-47A7-86BB-242EC01D1720}.Release|Any CPU.Build.0 = Release|Any CPU
		{A59480D7-9B7A-47A7-86BB-242EC01D1720}.Release|x64.ActiveCfg = Release|Any CPU
		{A59480D7-9B7A-47A7-86BB-242EC01D1720}.Release|x64.Build.0 = Release|Any CPU
		{A59480D7-9B7A-47A7-86BB-242EC01D1720}.Release|x86.ActiveCfg = Release|Any CPU
		{A59480D7-9B7A-47A7-86BB-242EC01D1720}.Release|x86.Build.0 = Release|Any CPU
		{3B1A6725-BDF8-4A69-B006-4906F7110318}.Debug|Any CPU.ActiveCfg = Debug|Any CPU
		{3B1A6725-BDF8-4A69-B006-4906F7110318}.Debug|Any CPU.Build.0 = Debug|Any CPU
		{3B1A6725-BDF8-4A69-B006-4906F7110318}.Debug|x64.ActiveCfg = Debug|Any CPU
		{3B1A6725-BDF8-4A69-B006-4906F7110318}.Debug|x64.Build.0 = Debug|Any CPU
		{3B1A6725-BDF8-4A69-B006-4906F7110318}.Debug|x86.ActiveCfg = Debug|Any CPU
		{3B1A6725-BDF8-4A69-B006-4906F7110318}.Debug|x86.Build.0 = Debug|Any CPU
		{3B1A6725-BDF8-4A69-B006-4906F7110318}.Release|Any CPU.ActiveCfg = Release|Any CPU
		{3B1A6725-BDF8-4A69-B006-4906F7110318}.Release|Any CPU.Build.0 = Release|Any CPU
		{3B1A6725-BDF8-4A69-B006-4906F7110318}.Release|x64.ActiveCfg = Release|Any CPU
		{3B1A6725-BDF8-4A69-B006-4906F7110318}.Release|x64.Build.0 = Release|Any CPU
		{3B1A6725-BDF8-4A69-B006-4906F7110318}.Release|x86.ActiveCfg = Release|Any CPU
		{3B1A6725-BDF8-4A69-B006-4906F7110318}.Release|x86.Build.0 = Release|Any CPU
		{6A80B991-D1EB-4439-A941-F12CFA9DEF3E}.Debug|Any CPU.ActiveCfg = Debug|Any CPU
		{6A80B991-D1EB-4439-A941-F12CFA9DEF3E}.Debug|Any CPU.Build.0 = Debug|Any CPU
		{6A80B991-D1EB-4439-A941-F12CFA9DEF3E}.Debug|x64.ActiveCfg = Debug|Any CPU
		{6A80B991-D1EB-4439-A941-F12CFA9DEF3E}.Debug|x64.Build.0 = Debug|Any CPU
		{6A80B991-D1EB-4439-A941-F12CFA9DEF3E}.Debug|x86.ActiveCfg = Debug|Any CPU
		{6A80B991-D1EB-4439-A941-F12CFA9DEF3E}.Debug|x86.Build.0 = Debug|Any CPU
		{6A80B991-D1EB-4439-A941-F12CFA9DEF3E}.Release|Any CPU.ActiveCfg = Release|Any CPU
		{6A80B991-D1EB-4439-A941-F12CFA9DEF3E}.Release|Any CPU.Build.0 = Release|Any CPU
		{6A80B991-D1EB-4439-A941-F12CFA9DEF3E}.Release|x64.ActiveCfg = Release|Any CPU
		{6A80B991-D1EB-4439-A941-F12CFA9DEF3E}.Release|x64.Build.0 = Release|Any CPU
		{6A80B991-D1EB-4439-A941-F12CFA9DEF3E}.Release|x86.ActiveCfg = Release|Any CPU
		{6A80B991-D1EB-4439-A941-F12CFA9DEF3E}.Release|x86.Build.0 = Release|Any CPU
		{600A7645-A80A-4D07-A91C-6C4315C78CE1}.Debug|Any CPU.ActiveCfg = Debug|Any CPU
		{600A7645-A80A-4D07-A91C-6C4315C78CE1}.Debug|Any CPU.Build.0 = Debug|Any CPU
		{600A7645-A80A-4D07-A91C-6C4315C78CE1}.Debug|x64.ActiveCfg = Debug|Any CPU
		{600A7645-A80A-4D07-A91C-6C4315C78CE1}.Debug|x64.Build.0 = Debug|Any CPU
		{600A7645-A80A-4D07-A91C-6C4315C78CE1}.Debug|x86.ActiveCfg = Debug|Any CPU
		{600A7645-A80A-4D07-A91C-6C4315C78CE1}.Debug|x86.Build.0 = Debug|Any CPU
		{600A7645-A80A-4D07-A91C-6C4315C78CE1}.Release|Any CPU.ActiveCfg = Release|Any CPU
		{600A7645-A80A-4D07-A91C-6C4315C78CE1}.Release|Any CPU.Build.0 = Release|Any CPU
		{600A7645-A80A-4D07-A91C-6C4315C78CE1}.Release|x64.ActiveCfg = Release|Any CPU
		{600A7645-A80A-4D07-A91C-6C4315C78CE1}.Release|x64.Build.0 = Release|Any CPU
		{600A7645-A80A-4D07-A91C-6C4315C78CE1}.Release|x86.ActiveCfg = Release|Any CPU
		{600A7645-A80A-4D07-A91C-6C4315C78CE1}.Release|x86.Build.0 = Release|Any CPU
		{762FAB95-757C-4A51-9D69-F16670260AB1}.Debug|Any CPU.ActiveCfg = Debug|Any CPU
		{762FAB95-757C-4A51-9D69-F16670260AB1}.Debug|Any CPU.Build.0 = Debug|Any CPU
		{762FAB95-757C-4A51-9D69-F16670260AB1}.Debug|x64.ActiveCfg = Debug|Any CPU
		{762FAB95-757C-4A51-9D69-F16670260AB1}.Debug|x64.Build.0 = Debug|Any CPU
		{762FAB95-757C-4A51-9D69-F16670260AB1}.Debug|x86.ActiveCfg = Debug|Any CPU
		{762FAB95-757C-4A51-9D69-F16670260AB1}.Debug|x86.Build.0 = Debug|Any CPU
		{762FAB95-757C-4A51-9D69-F16670260AB1}.Release|Any CPU.ActiveCfg = Release|Any CPU
		{762FAB95-757C-4A51-9D69-F16670260AB1}.Release|Any CPU.Build.0 = Release|Any CPU
		{762FAB95-757C-4A51-9D69-F16670260AB1}.Release|x64.ActiveCfg = Release|Any CPU
		{762FAB95-757C-4A51-9D69-F16670260AB1}.Release|x64.Build.0 = Release|Any CPU
		{762FAB95-757C-4A51-9D69-F16670260AB1}.Release|x86.ActiveCfg = Release|Any CPU
		{762FAB95-757C-4A51-9D69-F16670260AB1}.Release|x86.Build.0 = Release|Any CPU
		{1C0016EF-A970-4E5A-8B2E-55C2CB732A16}.Debug|Any CPU.ActiveCfg = Debug|Any CPU
		{1C0016EF-A970-4E5A-8B2E-55C2CB732A16}.Debug|Any CPU.Build.0 = Debug|Any CPU
		{1C0016EF-A970-4E5A-8B2E-55C2CB732A16}.Debug|x64.ActiveCfg = Debug|Any CPU
		{1C0016EF-A970-4E5A-8B2E-55C2CB732A16}.Debug|x64.Build.0 = Debug|Any CPU
		{1C0016EF-A970-4E5A-8B2E-55C2CB732A16}.Debug|x86.ActiveCfg = Debug|Any CPU
		{1C0016EF-A970-4E5A-8B2E-55C2CB732A16}.Debug|x86.Build.0 = Debug|Any CPU
		{1C0016EF-A970-4E5A-8B2E-55C2CB732A16}.Release|Any CPU.ActiveCfg = Release|Any CPU
		{1C0016EF-A970-4E5A-8B2E-55C2CB732A16}.Release|Any CPU.Build.0 = Release|Any CPU
		{1C0016EF-A970-4E5A-8B2E-55C2CB732A16}.Release|x64.ActiveCfg = Release|Any CPU
		{1C0016EF-A970-4E5A-8B2E-55C2CB732A16}.Release|x64.Build.0 = Release|Any CPU
		{1C0016EF-A970-4E5A-8B2E-55C2CB732A16}.Release|x86.ActiveCfg = Release|Any CPU
		{1C0016EF-A970-4E5A-8B2E-55C2CB732A16}.Release|x86.Build.0 = Release|Any CPU
		{B43F3C49-5695-4469-BABB-FFD0AF857B8D}.Debug|Any CPU.ActiveCfg = Debug|Any CPU
		{B43F3C49-5695-4469-BABB-FFD0AF857B8D}.Debug|Any CPU.Build.0 = Debug|Any CPU
		{B43F3C49-5695-4469-BABB-FFD0AF857B8D}.Debug|x64.ActiveCfg = Debug|Any CPU
		{B43F3C49-5695-4469-BABB-FFD0AF857B8D}.Debug|x64.Build.0 = Debug|Any CPU
		{B43F3C49-5695-4469-BABB-FFD0AF857B8D}.Debug|x86.ActiveCfg = Debug|Any CPU
		{B43F3C49-5695-4469-BABB-FFD0AF857B8D}.Debug|x86.Build.0 = Debug|Any CPU
		{B43F3C49-5695-4469-BABB-FFD0AF857B8D}.Release|Any CPU.ActiveCfg = Release|Any CPU
		{B43F3C49-5695-4469-BABB-FFD0AF857B8D}.Release|Any CPU.Build.0 = Release|Any CPU
		{B43F3C49-5695-4469-BABB-FFD0AF857B8D}.Release|x64.ActiveCfg = Release|Any CPU
		{B43F3C49-5695-4469-BABB-FFD0AF857B8D}.Release|x64.Build.0 = Release|Any CPU
		{B43F3C49-5695-4469-BABB-FFD0AF857B8D}.Release|x86.ActiveCfg = Release|Any CPU
		{B43F3C49-5695-4469-BABB-FFD0AF857B8D}.Release|x86.Build.0 = Release|Any CPU
		{BA079916-70E9-4210-B120-25641FD8D9A0}.Debug|Any CPU.ActiveCfg = Debug|Any CPU
		{BA079916-70E9-4210-B120-25641FD8D9A0}.Debug|Any CPU.Build.0 = Debug|Any CPU
		{BA079916-70E9-4210-B120-25641FD8D9A0}.Debug|x64.ActiveCfg = Debug|Any CPU
		{BA079916-70E9-4210-B120-25641FD8D9A0}.Debug|x64.Build.0 = Debug|Any CPU
		{BA079916-70E9-4210-B120-25641FD8D9A0}.Debug|x86.ActiveCfg = Debug|Any CPU
		{BA079916-70E9-4210-B120-25641FD8D9A0}.Debug|x86.Build.0 = Debug|Any CPU
		{BA079916-70E9-4210-B120-25641FD8D9A0}.Release|Any CPU.ActiveCfg = Release|Any CPU
		{BA079916-70E9-4210-B120-25641FD8D9A0}.Release|Any CPU.Build.0 = Release|Any CPU
		{BA079916-70E9-4210-B120-25641FD8D9A0}.Release|x64.ActiveCfg = Release|Any CPU
		{BA079916-70E9-4210-B120-25641FD8D9A0}.Release|x64.Build.0 = Release|Any CPU
		{BA079916-70E9-4210-B120-25641FD8D9A0}.Release|x86.ActiveCfg = Release|Any CPU
		{BA079916-70E9-4210-B120-25641FD8D9A0}.Release|x86.Build.0 = Release|Any CPU
		{FB71EF7E-7F28-4213-B076-ECE830CD8C46}.Debug|Any CPU.ActiveCfg = Debug|Any CPU
		{FB71EF7E-7F28-4213-B076-ECE830CD8C46}.Debug|Any CPU.Build.0 = Debug|Any CPU
		{FB71EF7E-7F28-4213-B076-ECE830CD8C46}.Debug|x64.ActiveCfg = Debug|Any CPU
		{FB71EF7E-7F28-4213-B076-ECE830CD8C46}.Debug|x64.Build.0 = Debug|Any CPU
		{FB71EF7E-7F28-4213-B076-ECE830CD8C46}.Debug|x86.ActiveCfg = Debug|Any CPU
		{FB71EF7E-7F28-4213-B076-ECE830CD8C46}.Debug|x86.Build.0 = Debug|Any CPU
		{FB71EF7E-7F28-4213-B076-ECE830CD8C46}.Release|Any CPU.ActiveCfg = Release|Any CPU
		{FB71EF7E-7F28-4213-B076-ECE830CD8C46}.Release|Any CPU.Build.0 = Release|Any CPU
		{FB71EF7E-7F28-4213-B076-ECE830CD8C46}.Release|x64.ActiveCfg = Release|Any CPU
		{FB71EF7E-7F28-4213-B076-ECE830CD8C46}.Release|x64.Build.0 = Release|Any CPU
		{FB71EF7E-7F28-4213-B076-ECE830CD8C46}.Release|x86.ActiveCfg = Release|Any CPU
		{FB71EF7E-7F28-4213-B076-ECE830CD8C46}.Release|x86.Build.0 = Release|Any CPU
		{388F382E-BF54-4BCB-9B46-82B0B6264E2A}.Debug|Any CPU.ActiveCfg = Debug|Any CPU
		{388F382E-BF54-4BCB-9B46-82B0B6264E2A}.Debug|Any CPU.Build.0 = Debug|Any CPU
		{388F382E-BF54-4BCB-9B46-82B0B6264E2A}.Debug|x64.ActiveCfg = Debug|Any CPU
		{388F382E-BF54-4BCB-9B46-82B0B6264E2A}.Debug|x64.Build.0 = Debug|Any CPU
		{388F382E-BF54-4BCB-9B46-82B0B6264E2A}.Debug|x86.ActiveCfg = Debug|Any CPU
		{388F382E-BF54-4BCB-9B46-82B0B6264E2A}.Debug|x86.Build.0 = Debug|Any CPU
		{388F382E-BF54-4BCB-9B46-82B0B6264E2A}.Release|Any CPU.ActiveCfg = Release|Any CPU
		{388F382E-BF54-4BCB-9B46-82B0B6264E2A}.Release|Any CPU.Build.0 = Release|Any CPU
		{388F382E-BF54-4BCB-9B46-82B0B6264E2A}.Release|x64.ActiveCfg = Release|Any CPU
		{388F382E-BF54-4BCB-9B46-82B0B6264E2A}.Release|x64.Build.0 = Release|Any CPU
		{388F382E-BF54-4BCB-9B46-82B0B6264E2A}.Release|x86.ActiveCfg = Release|Any CPU
		{388F382E-BF54-4BCB-9B46-82B0B6264E2A}.Release|x86.Build.0 = Release|Any CPU
		{C1B2FDD4-C91F-4441-B6F7-E363543560DE}.Debug|Any CPU.ActiveCfg = Debug|Any CPU
		{C1B2FDD4-C91F-4441-B6F7-E363543560DE}.Debug|Any CPU.Build.0 = Debug|Any CPU
		{C1B2FDD4-C91F-4441-B6F7-E363543560DE}.Debug|x64.ActiveCfg = Debug|Any CPU
		{C1B2FDD4-C91F-4441-B6F7-E363543560DE}.Debug|x64.Build.0 = Debug|Any CPU
		{C1B2FDD4-C91F-4441-B6F7-E363543560DE}.Debug|x86.ActiveCfg = Debug|Any CPU
		{C1B2FDD4-C91F-4441-B6F7-E363543560DE}.Debug|x86.Build.0 = Debug|Any CPU
		{C1B2FDD4-C91F-4441-B6F7-E363543560DE}.Release|Any CPU.ActiveCfg = Release|Any CPU
		{C1B2FDD4-C91F-4441-B6F7-E363543560DE}.Release|Any CPU.Build.0 = Release|Any CPU
		{C1B2FDD4-C91F-4441-B6F7-E363543560DE}.Release|x64.ActiveCfg = Release|Any CPU
		{C1B2FDD4-C91F-4441-B6F7-E363543560DE}.Release|x64.Build.0 = Release|Any CPU
		{C1B2FDD4-C91F-4441-B6F7-E363543560DE}.Release|x86.ActiveCfg = Release|Any CPU
		{C1B2FDD4-C91F-4441-B6F7-E363543560DE}.Release|x86.Build.0 = Release|Any CPU
		{30A00440-B762-4665-9ED4-247D1189E15B}.Debug|Any CPU.ActiveCfg = Debug|Any CPU
		{30A00440-B762-4665-9ED4-247D1189E15B}.Debug|Any CPU.Build.0 = Debug|Any CPU
		{30A00440-B762-4665-9ED4-247D1189E15B}.Debug|x64.ActiveCfg = Debug|Any CPU
		{30A00440-B762-4665-9ED4-247D1189E15B}.Debug|x64.Build.0 = Debug|Any CPU
		{30A00440-B762-4665-9ED4-247D1189E15B}.Debug|x86.ActiveCfg = Debug|Any CPU
		{30A00440-B762-4665-9ED4-247D1189E15B}.Debug|x86.Build.0 = Debug|Any CPU
		{30A00440-B762-4665-9ED4-247D1189E15B}.Release|Any CPU.ActiveCfg = Release|Any CPU
		{30A00440-B762-4665-9ED4-247D1189E15B}.Release|Any CPU.Build.0 = Release|Any CPU
		{30A00440-B762-4665-9ED4-247D1189E15B}.Release|x64.ActiveCfg = Release|Any CPU
		{30A00440-B762-4665-9ED4-247D1189E15B}.Release|x64.Build.0 = Release|Any CPU
		{30A00440-B762-4665-9ED4-247D1189E15B}.Release|x86.ActiveCfg = Release|Any CPU
		{30A00440-B762-4665-9ED4-247D1189E15B}.Release|x86.Build.0 = Release|Any CPU
		{694E425E-11EA-4084-B41C-36923250D10C}.Debug|Any CPU.ActiveCfg = Debug|Any CPU
		{694E425E-11EA-4084-B41C-36923250D10C}.Debug|Any CPU.Build.0 = Debug|Any CPU
		{694E425E-11EA-4084-B41C-36923250D10C}.Debug|x64.ActiveCfg = Debug|Any CPU
		{694E425E-11EA-4084-B41C-36923250D10C}.Debug|x64.Build.0 = Debug|Any CPU
		{694E425E-11EA-4084-B41C-36923250D10C}.Debug|x86.ActiveCfg = Debug|Any CPU
		{694E425E-11EA-4084-B41C-36923250D10C}.Debug|x86.Build.0 = Debug|Any CPU
		{694E425E-11EA-4084-B41C-36923250D10C}.Release|Any CPU.ActiveCfg = Release|Any CPU
		{694E425E-11EA-4084-B41C-36923250D10C}.Release|Any CPU.Build.0 = Release|Any CPU
		{694E425E-11EA-4084-B41C-36923250D10C}.Release|x64.ActiveCfg = Release|Any CPU
		{694E425E-11EA-4084-B41C-36923250D10C}.Release|x64.Build.0 = Release|Any CPU
		{694E425E-11EA-4084-B41C-36923250D10C}.Release|x86.ActiveCfg = Release|Any CPU
		{694E425E-11EA-4084-B41C-36923250D10C}.Release|x86.Build.0 = Release|Any CPU
		{820E1EE5-142E-4D15-9975-A4B7F6F14F91}.Debug|Any CPU.ActiveCfg = Debug|Any CPU
		{820E1EE5-142E-4D15-9975-A4B7F6F14F91}.Debug|Any CPU.Build.0 = Debug|Any CPU
		{820E1EE5-142E-4D15-9975-A4B7F6F14F91}.Debug|x64.ActiveCfg = Debug|Any CPU
		{820E1EE5-142E-4D15-9975-A4B7F6F14F91}.Debug|x64.Build.0 = Debug|Any CPU
		{820E1EE5-142E-4D15-9975-A4B7F6F14F91}.Debug|x86.ActiveCfg = Debug|Any CPU
		{820E1EE5-142E-4D15-9975-A4B7F6F14F91}.Debug|x86.Build.0 = Debug|Any CPU
		{820E1EE5-142E-4D15-9975-A4B7F6F14F91}.Release|Any CPU.ActiveCfg = Release|Any CPU
		{820E1EE5-142E-4D15-9975-A4B7F6F14F91}.Release|Any CPU.Build.0 = Release|Any CPU
		{820E1EE5-142E-4D15-9975-A4B7F6F14F91}.Release|x64.ActiveCfg = Release|Any CPU
		{820E1EE5-142E-4D15-9975-A4B7F6F14F91}.Release|x64.Build.0 = Release|Any CPU
		{820E1EE5-142E-4D15-9975-A4B7F6F14F91}.Release|x86.ActiveCfg = Release|Any CPU
		{820E1EE5-142E-4D15-9975-A4B7F6F14F91}.Release|x86.Build.0 = Release|Any CPU
	EndGlobalSection
	GlobalSection(SolutionProperties) = preSolution
		HideSolutionNode = FALSE
	EndGlobalSection
	GlobalSection(NestedProjects) = preSolution
		{F019894F-3188-492B-9183-6B93CE0A8A44} = {827E0CD3-B72D-47B6-A68D-7590B98EB39B}
		{2994E6E9-0CFF-4841-8033-8D64956D025D} = {827E0CD3-B72D-47B6-A68D-7590B98EB39B}
		{731FE813-4688-444B-83CE-F77FD476D42E} = {827E0CD3-B72D-47B6-A68D-7590B98EB39B}
		{5C13CC79-6155-41E0-9F6C-A17D999ACA7A} = {827E0CD3-B72D-47B6-A68D-7590B98EB39B}
		{A59480D7-9B7A-47A7-86BB-242EC01D1720} = {827E0CD3-B72D-47B6-A68D-7590B98EB39B}
		{3B1A6725-BDF8-4A69-B006-4906F7110318} = {827E0CD3-B72D-47B6-A68D-7590B98EB39B}
		{6A80B991-D1EB-4439-A941-F12CFA9DEF3E} = {827E0CD3-B72D-47B6-A68D-7590B98EB39B}
		{600A7645-A80A-4D07-A91C-6C4315C78CE1} = {827E0CD3-B72D-47B6-A68D-7590B98EB39B}
		{762FAB95-757C-4A51-9D69-F16670260AB1} = {827E0CD3-B72D-47B6-A68D-7590B98EB39B}
		{1C0016EF-A970-4E5A-8B2E-55C2CB732A16} = {827E0CD3-B72D-47B6-A68D-7590B98EB39B}
		{B43F3C49-5695-4469-BABB-FFD0AF857B8D} = {0AB3BF05-4346-4AA6-1389-037BE0695223}
		{BA079916-70E9-4210-B120-25641FD8D9A0} = {0AB3BF05-4346-4AA6-1389-037BE0695223}
		{FB71EF7E-7F28-4213-B076-ECE830CD8C46} = {0AB3BF05-4346-4AA6-1389-037BE0695223}
		{388F382E-BF54-4BCB-9B46-82B0B6264E2A} = {0AB3BF05-4346-4AA6-1389-037BE0695223}
		{C1B2FDD4-C91F-4441-B6F7-E363543560DE} = {0AB3BF05-4346-4AA6-1389-037BE0695223}
		{30A00440-B762-4665-9ED4-247D1189E15B} = {07C2787E-EAC7-C090-1BA3-A61EC2A24D84}
		{694E425E-11EA-4084-B41C-36923250D10C} = {0AB3BF05-4346-4AA6-1389-037BE0695223}
		{820E1EE5-142E-4D15-9975-A4B7F6F14F91} = {0AB3BF05-4346-4AA6-1389-037BE0695223}
	EndGlobalSection
	GlobalSection(ExtensibilityGlobals) = postSolution
		SolutionGuid = {7E919D51-00BD-4944-B7E8-D9099ED8075D}
	EndGlobalSection
EndGlobal
